{
  "name": "assets",
  "lockfileVersion": 3,
  "requires": true,
  "packages": {
    "": {
      "dependencies": {
        "party-js": "^2.2.0"
      }
    },
    "node_modules/party-js": {
      "version": "2.2.0",
      "resolved": "https://registry.npmjs.org/party-js/-/party-js-2.2.0.tgz",
      "integrity": "sha512-50hGuALCpvDTrQLPQ1fgUgxKIWAH28ShVkmeK/3zhO0YJyCqkhrZhQEkWPxDYLvbFJ7YAXyROmFEu35gKpZLtQ=="
    }
  }
}
